<Solution>
  <Project Path="Benchmarks/Orders.Benchmarks.csproj" Id="98afee26-4ced-4a76-b9c6-6eddcd8b9372" />
  <Project Path="Common/Orders.ExternalServices.csproj" Id="6d67d8fc-79ef-4dcf-8e40-691c42c6a685" />
  <Project Path="DataAccess/Orders.Data.csproj" />
  <Project Path="FastendpointApiDemo/Orders.Fastendpoints.csproj" />
  <Project Path="FastEndpointDemo/Orders.Web.csproj" />
</Solution>
